
Microsoft Visual Studio Solution File, Format Version 12.00
# Visual Studio Version 16
VisualStudioVersion = 16.0.29709.97
MinimumVisualStudioVersion = 10.0.40219.1
Project("{9A19103F-16F7-4668-BE54-9A1E7A4F7556}") = "NullCheckSuprises", "NullCheckSuprises.csproj", "{C0EA1B60-B3C1-4EEC-8133-20DB41398909}"
EndProject
Global
	GlobalSection(SolutionConfigurationPlatforms) = preSolution
		Debug|Any CPU = Debug|Any CPU
		Release|Any CPU = Release|Any CPU
	EndGlobalSection
	GlobalSection(ProjectConfigurationPlatforms) = postSolution
		{C0EA1B60-B3C1-4EEC-8133-20DB41398909}.Debug|Any CPU.ActiveCfg = Debug|Any CPU
		{C0EA1B60-B3C1-4EEC-8133-20DB41398909}.Debug|Any CPU.Build.0 = Debug|Any CPU
		{C0EA1B60-B3C1-4EEC-8133-20DB41398909}.Release|Any CPU.ActiveCfg = Release|Any CPU
		{C0EA1B60-B3C1-4EEC-8133-20DB41398909}.Release|Any CPU.Build.0 = Release|Any CPU
	EndGlobalSection
	GlobalSection(SolutionProperties) = preSolution
		HideSolutionNode = FALSE
	EndGlobalSection
	GlobalSection(ExtensibilityGlobals) = postSolution
		SolutionGuid = {A6F63947-5C77-4214-8137-434015EE8A52}
	EndGlobalSection
EndGlobal
